
Microsoft Visual Studio Solution File, Format Version 12.00
# Visual Studio Version 17
VisualStudioVersion = 17.6.33723.286
MinimumVisualStudioVersion = 10.0.40219.1
Project("{FAE04EC0-301F-11D3-BF4B-00C04F79EFBC}") = "SignalMessageDumper", "SignalMessageDumper.csproj", "{02CA7D20-820F-4C52-B061-93A8DDFF869A}"
EndProject
Global
	GlobalSection(SolutionConfigurationPlatforms) = preSolution
		Debug|Any CPU = Debug|Any CPU
		Release|Any CPU = Release|Any CPU
	EndGlobalSection
	GlobalSection(ProjectConfigurationPlatforms) = postSolution
		{02CA7D20-820F-4C52-B061-93A8DDFF869A}.Debug|Any CPU.ActiveCfg = Debug|Any CPU
		{02CA7D20-820F-4C52-B061-93A8DDFF869A}.Debug|Any CPU.Build.0 = Debug|Any CPU
		{02CA7D20-820F-4C52-B061-93A8DDFF869A}.Release|Any CPU.ActiveCfg = Release|Any CPU
		{02CA7D20-820F-4C52-B061-93A8DDFF869A}.Release|Any CPU.Build.0 = Release|Any CPU
	EndGlobalSection
	GlobalSection(SolutionProperties) = preSolution
		HideSolutionNode = FALSE
	EndGlobalSection
	GlobalSection(ExtensibilityGlobals) = postSolution
		SolutionGuid = {B5FB7506-A272-4BAC-B468-DF64828051FE}
	EndGlobalSection
EndGlobal
